
Microsoft Visual Studio Solution File, Format Version 12.00
# Visual Studio Version 17
VisualStudioVersion = 17.14.36915.13 d17.14
MinimumVisualStudioVersion = 10.0.40219.1
Project("{FAE04EC0-301F-11D3-BF4B-00C04F79EFBC}") = "ProjectApp", "ProjectApp\ProjectApp.csproj", "{DE3D296D-694B-4578-966C-93C057B9B68A}"
EndProject
Project("{FAE04EC0-301F-11D3-BF4B-00C04F79EFBC}") = "BasicGraphicsEngine", "BasicGraphicsEngine\BasicGraphicsEngine.csproj", "{F41DD6B7-5AF9-4AE5-B6BB-EAFE7BB07654}"
EndProject
Global
	GlobalSection(SolutionConfigurationPlatforms) = preSolution
		Debug|Any CPU = Debug|Any CPU
		Release|Any CPU = Release|Any CPU
	EndGlobalSection
	GlobalSection(ProjectConfigurationPlatforms) = postSolution
		{DE3D296D-694B-4578-966C-93C057B9B68A}.Debug|Any CPU.ActiveCfg = Debug|Any CPU
		{DE3D296D-694B-4578-966C-93C057B9B68A}.Debug|Any CPU.Build.0 = Debug|Any CPU
		{DE3D296D-694B-4578-966C-93C057B9B68A}.Release|Any CPU.ActiveCfg = Release|Any CPU
		{DE3D296D-694B-4578-966C-93C057B9B68A}.Release|Any CPU.Build.0 = Release|Any CPU
		{F41DD6B7-5AF9-4AE5-B6BB-EAFE7BB07654}.Debug|Any CPU.ActiveCfg = Debug|Any CPU
		{F41DD6B7-5AF9-4AE5-B6BB-EAFE7BB07654}.Debug|Any CPU.Build.0 = Debug|Any CPU
		{F41DD6B7-5AF9-4AE5-B6BB-EAFE7BB07654}.Release|Any CPU.ActiveCfg = Release|Any CPU
		{F41DD6B7-5AF9-4AE5-B6BB-EAFE7BB07654}.Release|Any CPU.Build.0 = Release|Any CPU
	EndGlobalSection
	GlobalSection(SolutionProperties) = preSolution
		HideSolutionNode = FALSE
	EndGlobalSection
	GlobalSection(ExtensibilityGlobals) = postSolution
		SolutionGuid = {AAB16D72-0914-4876-A18D-5CB4F6869675}
	EndGlobalSection
EndGlobal
